// !$*UTF8*$!
{
	archiveVersion = 1;
	classes = {
	};
	objectVersion = 46;
	objects = {

/* Begin PBXBuildFile section */
		CE075F4019E1BB0600F903F5 /* Foundation.framework in Frameworks */ = {isa = PBXBuildFile; fileRef = CE075F3F19E1BB0600F903F5 /* Foundation.framework */; };
		CE075F4219E1BB0700F903F5 /* CoreGraphics.framework in Frameworks */ = {isa = PBXBuildFile; fileRef = CE075F4119E1BB0700F903F5 /* CoreGraphics.framework */; };
		CE075F4419E1BB0700F903F5 /* UIKit.framework in Frameworks */ = {isa = PBXBuildFile; fileRef = CE075F4319E1BB0700F903F5 /* UIKit.framework */; };
		CE075F4A19E1BB0700F903F5 /* InfoPlist.strings in Resources */ = {isa = PBXBuildFile; fileRef = CE075F4819E1BB0700F903F5 /* InfoPlist.strings */; };
		CE075F4C19E1BB0700F903F5 /* main.m in Sources */ = {isa = PBXBuildFile; fileRef = CE075F4B19E1BB0700F903F5 /* main.m */; };
		CE075F5019E1BB0700F903F5 /* MatchismoAppDelegate.m in Sources */ = {isa = PBXBuildFile; fileRef = CE075F4F19E1BB0700F903F5 /* MatchismoAppDelegate.m */; };
		CE075F5319E1BB0700F903F5 /* Main.storyboard in Resources */ = {isa = PBXBuildFile; fileRef = CE075F5119E1BB0700F903F5 /* Main.storyboard */; };
		CE075F5619E1BB0700F903F5 /* MatchismoViewController.m in Sources */ = {isa = PBXBuildFile; fileRef = CE075F5519E1BB0700F903F5 /* MatchismoViewController.m */; };
		CE075F5819E1BB0700F903F5 /* Images.xcassets in Resources */ = {isa = PBXBuildFile; fileRef = CE075F5719E1BB0700F903F5 /* Images.xcassets */; };
		CE075F5F19E1BB0700F903F5 /* XCTest.framework in Frameworks */ = {isa = PBXBuildFile; fileRef = CE075F5E19E1BB0700F903F5 /* XCTest.framework */; };
		CE075F6019E1BB0700F903F5 /* Foundation.framework in Frameworks */ = {isa = PBXBuildFile; fileRef = CE075F3F19E1BB0600F903F5 /* Foundation.framework */; };
		CE075F6119E1BB0700F903F5 /* UIKit.framework in Frameworks */ = {isa = PBXBuildFile; fileRef = CE075F4319E1BB0700F903F5 /* UIKit.framework */; };
		CE075F6919E1BB0700F903F5 /* InfoPlist.strings in Resources */ = {isa = PBXBuildFile; fileRef = CE075F6719E1BB0700F903F5 /* InfoPlist.strings */; };
		CE075F6B19E1BB0700F903F5 /* MatchismoTests.m in Sources */ = {isa = PBXBuildFile; fileRef = CE075F6A19E1BB0700F903F5 /* MatchismoTests.m */; };
		CE075F7C19E1BD2900F903F5 /* Card.m in Sources */ = {isa = PBXBuildFile; fileRef = CE075F7B19E1BD2900F903F5 /* Card.m */; };
		CE075F7F19E1BD5300F903F5 /* PlayingCard.m in Sources */ = {isa = PBXBuildFile; fileRef = CE075F7E19E1BD5300F903F5 /* PlayingCard.m */; };
		CE075F8219E1BD7000F903F5 /* Deck.m in Sources */ = {isa = PBXBuildFile; fileRef = CE075F8119E1BD7000F903F5 /* Deck.m */; };
		CE075F8519E1BD9600F903F5 /* PlayingCardDeck.m in Sources */ = {isa = PBXBuildFile; fileRef = CE075F8419E1BD9600F903F5 /* PlayingCardDeck.m */; };
		CE075F8819E1BDC600F903F5 /* CardMatchingGame.m in Sources */ = {isa = PBXBuildFile; fileRef = CE075F8719E1BDC600F903F5 /* CardMatchingGame.m */; };
/* End PBXBuildFile section */

/* Begin PBXContainerItemProxy section */
		CE075F6219E1BB0700F903F5 /* PBXContainerItemProxy */ = {
			isa = PBXContainerItemProxy;
			containerPortal = CE075F3419E1BB0600F903F5 /* Project object */;
			proxyType = 1;
			remoteGlobalIDString = CE075F3B19E1BB0600F903F5;
			remoteInfo = Matchismo;
		};
/* End PBXContainerItemProxy section */

/* Begin PBXFileReference section */
		CE075F3C19E1BB0600F903F5 /* Matchismo.app */ = {isa = PBXFileReference; explicitFileType = wrapper.application; includeInIndex = 0; path = Matchismo.app; sourceTree = BUILT_PRODUCTS_DIR; };
		CE075F3F19E1BB0600F903F5 /* Foundation.framework */ = {isa = PBXFileReference; lastKnownFileType = wrapper.framework; name = Foundation.framework; path = System/Library/Frameworks/Foundation.framework; sourceTree = SDKROOT; };
		CE075F4119E1BB0700F903F5 /* CoreGraphics.framework */ = {isa = PBXFileReference; lastKnownFileType = wrapper.framework; name = CoreGraphics.framework; path = System/Library/Frameworks/CoreGraphics.framework; sourceTree = SDKROOT; };
		CE075F4319E1BB0700F903F5 /* UIKit.framework */ = {isa = PBXFileReference; lastKnownFileType = wrapper.framework; name = UIKit.framework; path = System/Library/Frameworks/UIKit.framework; sourceTree = SDKROOT; };
		CE075F4719E1BB0700F903F5 /* Matchismo-Info.plist */ = {isa = PBXFileReference; lastKnownFileType = text.plist.xml; path = "Matchismo-Info.plist"; sourceTree = "<group>"; };
		CE075F4919E1BB0700F903F5 /* en */ = {isa = PBXFileReference; lastKnownFileType = text.plist.strings; name = en; path = en.lproj/InfoPlist.strings; sourceTree = "<group>"; };
		CE075F4B19E1BB0700F903F5 /* main.m */ = {isa = PBXFileReference; lastKnownFileType = sourcecode.c.objc; path = main.m; sourceTree = "<group>"; };
		CE075F4D19E1BB0700F903F5 /* Matchismo-Prefix.pch */ = {isa = PBXFileReference; lastKnownFileType = sourcecode.c.h; path = "Matchismo-Prefix.pch"; sourceTree = "<group>"; };
		CE075F4E19E1BB0700F903F5 /* MatchismoAppDelegate.h */ = {isa = PBXFileReference; lastKnownFileType = sourcecode.c.h; path = MatchismoAppDelegate.h; sourceTree = "<group>"; };
		CE075F4F19E1BB0700F903F5 /* MatchismoAppDelegate.m */ = {isa = PBXFileReference; lastKnownFileType = sourcecode.c.objc; path = MatchismoAppDelegate.m; sourceTree = "<group>"; };
		CE075F5219E1BB0700F903F5 /* Base */ = {isa = PBXFileReference; lastKnownFileType = file.storyboard; name = Base; path = Base.lproj/Main.storyboard; sourceTree = "<group>"; };
		CE075F5419E1BB0700F903F5 /* MatchismoViewController.h */ = {isa = PBXFileReference; lastKnownFileType = sourcecode.c.h; path = MatchismoViewController.h; sourceTree = "<group>"; };
		CE075F5519E1BB0700F903F5 /* MatchismoViewController.m */ = {isa = PBXFileReference; lastKnownFileType = sourcecode.c.objc; path = MatchismoViewController.m; sourceTree = "<group>"; };
		CE075F5719E1BB0700F903F5 /* Images.xcassets */ = {isa = PBXFileReference; lastKnownFileType = folder.assetcatalog; path = Images.xcassets; sourceTree = "<group>"; };
		CE075F5D19E1BB0700F903F5 /* MatchismoTests.xctest */ = {isa = PBXFileReference; explicitFileType = wrapper.cfbundle; includeInIndex = 0; path = MatchismoTests.xctest; sourceTree = BUILT_PRODUCTS_DIR; };
		CE075F5E19E1BB0700F903F5 /* XCTest.framework */ = {isa = PBXFileReference; lastKnownFileType = wrapper.framework; name = XCTest.framework; path = Library/Frameworks/XCTest.framework; sourceTree = DEVELOPER_DIR; };
		CE075F6619E1BB0700F903F5 /* MatchismoTests-Info.plist */ = {isa = PBXFileReference; lastKnownFileType = text.plist.xml; path = "MatchismoTests-Info.plist"; sourceTree = "<group>"; };
		CE075F6819E1BB0700F903F5 /* en */ = {isa = PBXFileReference; lastKnownFileType = text.plist.strings; name = en; path = en.lproj/InfoPlist.strings; sourceTree = "<group>"; };
		CE075F6A19E1BB0700F903F5 /* MatchismoTests.m */ = {isa = PBXFileReference; lastKnownFileType = sourcecode.c.objc; path = MatchismoTests.m; sourceTree = "<group>"; };
		CE075F7A19E1BD2900F903F5 /* Card.h */ = {isa = PBXFileReference; fileEncoding = 4; lastKnownFileType = sourcecode.c.h; name = Card.h; path = Model/Card.h; sourceTree = "<group>"; };
		CE075F7B19E1BD2900F903F5 /* Card.m */ = {isa = PBXFileReference; fileEncoding = 4; lastKnownFileType = sourcecode.c.objc; name = Card.m; path = Model/Card.m; sourceTree = "<group>"; };
		CE075F7D19E1BD5300F903F5 /* PlayingCard.h */ = {isa = PBXFileReference; fileEncoding = 4; lastKnownFileType = sourcecode.c.h; name = PlayingCard.h; path = Model/PlayingCard.h; sourceTree = "<group>"; };
		CE075F7E19E1BD5300F903F5 /* PlayingCard.m */ = {isa = PBXFileReference; fileEncoding = 4; lastKnownFileType = sourcecode.c.objc; name = PlayingCard.m; path = Model/PlayingCard.m; sourceTree = "<group>"; };
		CE075F8019E1BD7000F903F5 /* Deck.h */ = {isa = PBXFileReference; fileEncoding = 4; lastKnownFileType = sourcecode.c.h; name = Deck.h; path = Model/Deck.h; sourceTree = "<group>"; };
		CE075F8119E1BD7000F903F5 /* Deck.m */ = {isa = PBXFileReference; fileEncoding = 4; lastKnownFileType = sourcecode.c.objc; name = Deck.m; path = Model/Deck.m; sourceTree = "<group>"; };
		CE075F8319E1BD9600F903F5 /* PlayingCardDeck.h */ = {isa = PBXFileReference; fileEncoding = 4; lastKnownFileType = sourcecode.c.h; name = PlayingCardDeck.h; path = Model/PlayingCardDeck.h; sourceTree = "<group>"; };
		CE075F8419E1BD9600F903F5 /* PlayingCardDeck.m */ = {isa = PBXFileReference; fileEncoding = 4; lastKnownFileType = sourcecode.c.objc; name = PlayingCardDeck.m; path = Model/PlayingCardDeck.m; sourceTree = "<group>"; };
		CE075F8619E1BDC600F903F5 /* CardMatchingGame.h */ = {isa = PBXFileReference; fileEncoding = 4; lastKnownFileType = sourcecode.c.h; name = CardMatchingGame.h; path = Model/CardMatchingGame.h; sourceTree = "<group>"; };
		CE075F8719E1BDC600F903F5 /* CardMatchingGame.m */ = {isa = PBXFileReference; fileEncoding = 4; lastKnownFileType = sourcecode.c.objc; name = CardMatchingGame.m; path = Model/CardMatchingGame.m; sourceTree = "<group>"; };
/* End PBXFileReference section */

/* Begin PBXFrameworksBuildPhase section */
		CE075F3919E1BB0600F903F5 /* Frameworks */ = {
			isa = PBXFrameworksBuildPhase;
			buildActionMask = 2147483647;
			files = (
				CE075F4219E1BB0700F903F5 /* CoreGraphics.framework in Frameworks */,
				CE075F4419E1BB0700F903F5 /* UIKit.framework in Frameworks */,
				CE075F4019E1BB0600F903F5 /* Foundation.framework in Frameworks */,
			);
			runOnlyForDeploymentPostprocessing = 0;
		};
		CE075F5A19E1BB0700F903F5 /* Frameworks */ = {
			isa = PBXFrameworksBuildPhase;
			buildActionMask = 2147483647;
			files = (
				CE075F5F19E1BB0700F903F5 /* XCTest.framework in Frameworks */,
				CE075F6119E1BB0700F903F5 /* UIKit.framework in Frameworks */,
				CE075F6019E1BB0700F903F5 /* Foundation.framework in Frameworks */,
			);
			runOnlyForDeploymentPostprocessing = 0;
		};
/* End PBXFrameworksBuildPhase section */

/* Begin PBXGroup section */
		CE075F3319E1BB0600F903F5 = {
			isa = PBXGroup;
			children = (
				CE075F4519E1BB0700F903F5 /* Matchismo */,
				CE075F6419E1BB0700F903F5 /* MatchismoTests */,
				CE075F3E19E1BB0600F903F5 /* Frameworks */,
				CE075F3D19E1BB0600F903F5 /* Products */,
			);
			sourceTree = "<group>";
		};
		CE075F3D19E1BB0600F903F5 /* Products */ = {
			isa = PBXGroup;
			children = (
				CE075F3C19E1BB0600F903F5 /* Matchismo.app */,
				CE075F5D19E1BB0700F903F5 /* MatchismoTests.xctest */,
			);
			name = Products;
			sourceTree = "<group>";
		};
		CE075F3E19E1BB0600F903F5 /* Frameworks */ = {
			isa = PBXGroup;
			children = (
				CE075F3F19E1BB0600F903F5 /* Foundation.framework */,
				CE075F4119E1BB0700F903F5 /* CoreGraphics.framework */,
				CE075F4319E1BB0700F903F5 /* UIKit.framework */,
				CE075F5E19E1BB0700F903F5 /* XCTest.framework */,
			);
			name = Frameworks;
			sourceTree = "<group>";
		};
		CE075F4519E1BB0700F903F5 /* Matchismo */ = {
			isa = PBXGroup;
			children = (
				CE075F5119E1BB0700F903F5 /* Main.storyboard */,
				CE075F5419E1BB0700F903F5 /* MatchismoViewController.h */,
				CE075F5519E1BB0700F903F5 /* MatchismoViewController.m */,
				CE075F7419E1BB5F00F903F5 /* Model */,
				CE075F5719E1BB0700F903F5 /* Images.xcassets */,
				CE075F4619E1BB0700F903F5 /* Supporting Files */,
			);
			path = Matchismo;
			sourceTree = "<group>";
		};
		CE075F4619E1BB0700F903F5 /* Supporting Files */ = {
			isa = PBXGroup;
			children = (
				CE075F4E19E1BB0700F903F5 /* MatchismoAppDelegate.h */,
				CE075F4F19E1BB0700F903F5 /* MatchismoAppDelegate.m */,
				CE075F4719E1BB0700F903F5 /* Matchismo-Info.plist */,
				CE075F4819E1BB0700F903F5 /* InfoPlist.strings */,
				CE075F4B19E1BB0700F903F5 /* main.m */,
				CE075F4D19E1BB0700F903F5 /* Matchismo-Prefix.pch */,
			);
			name = "Supporting Files";
			sourceTree = "<group>";
		};
		CE075F6419E1BB0700F903F5 /* MatchismoTests */ = {
			isa = PBXGroup;
			children = (
				CE075F6A19E1BB0700F903F5 /* MatchismoTests.m */,
				CE075F6519E1BB0700F903F5 /* Supporting Files */,
			);
			path = MatchismoTests;
			sourceTree = "<group>";
		};
		CE075F6519E1BB0700F903F5 /* Supporting Files */ = {
			isa = PBXGroup;
			children = (
				CE075F6619E1BB0700F903F5 /* MatchismoTests-Info.plist */,
				CE075F6719E1BB0700F903F5 /* InfoPlist.strings */,
			);
			name = "Supporting Files";
			sourceTree = "<group>";
		};
		CE075F7419E1BB5F00F903F5 /* Model */ = {
			isa = PBXGroup;
			children = (
				CE075F7919E1BBB000F903F5 /* CardMatchingGame */,
				CE075F7819E1BB9A00F903F5 /* PlayingCardDeck */,
				CE075F7719E1BB8500F903F5 /* Deck */,
				CE075F7619E1BB7D00F903F5 /* Playing Card */,
				CE075F7519E1BB7500F903F5 /* Card */,
			);
			name = Model;
			sourceTree = "<group>";
		};
		CE075F7519E1BB7500F903F5 /* Card */ = {
			isa = PBXGroup;
			children = (
				CE075F7A19E1BD2900F903F5 /* Card.h */,
				CE075F7B19E1BD2900F903F5 /* Card.m */,
			);
			name = Card;
			sourceTree = "<group>";
		};
		CE075F7619E1BB7D00F903F5 /* Playing Card */ = {
			isa = PBXGroup;
			children = (
				CE075F7D19E1BD5300F903F5 /* PlayingCard.h */,
				CE075F7E19E1BD5300F903F5 /* PlayingCard.m */,
			);
			name = "Playing Card";
			sourceTree = "<group>";
		};
		CE075F7719E1BB8500F903F5 /* Deck */ = {
			isa = PBXGroup;
			children = (
				CE075F8019E1BD7000F903F5 /* Deck.h */,
				CE075F8119E1BD7000F903F5 /* Deck.m */,
			);
			name = Deck;
			sourceTree = "<group>";
		};
		CE075F7819E1BB9A00F903F5 /* PlayingCardDeck */ = {
			isa = PBXGroup;
			children = (
				CE075F8319E1BD9600F903F5 /* PlayingCardDeck.h */,
				CE075F8419E1BD9600F903F5 /* PlayingCardDeck.m */,
			);
			name = PlayingCardDeck;
			sourceTree = "<group>";
		};
		CE075F7919E1BBB000F903F5 /* CardMatchingGame */ = {
			isa = PBXGroup;
			children = (
				CE075F8619E1BDC600F903F5 /* CardMatchingGame.h */,
				CE075F8719E1BDC600F903F5 /* CardMatchingGame.m */,
			);
			name = CardMatchingGame;
			sourceTree = "<group>";
		};
/* End PBXGroup section */

/* Begin PBXNativeTarget section */
		CE075F3B19E1BB0600F903F5 /* Matchismo */ = {
			isa = PBXNativeTarget;
			buildConfigurationList = CE075F6E19E1BB0700F903F5 /* Build configuration list for PBXNativeTarget "Matchismo" */;
			buildPhases = (
				CE075F3819E1BB0600F903F5 /* Sources */,
				CE075F3919E1BB0600F903F5 /* Frameworks */,
				CE075F3A19E1BB0600F903F5 /* Resources */,
			);
			buildRules = (
			);
			dependencies = (
			);
			name = Matchismo;
			productName = Matchismo;
			productReference = CE075F3C19E1BB0600F903F5 /* Matchismo.app */;
			productType = "com.apple.product-type.application";
		};
		CE075F5C19E1BB0700F903F5 /* MatchismoTests */ = {
			isa = PBXNativeTarget;
			buildConfigurationList = CE075F7119E1BB0700F903F5 /* Build configuration list for PBXNativeTarget "MatchismoTests" */;
			buildPhases = (
				CE075F5919E1BB0700F903F5 /* Sources */,
				CE075F5A19E1BB0700F903F5 /* Frameworks */,
				CE075F5B19E1BB0700F903F5 /* Resources */,
			);
			buildRules = (
			);
			dependencies = (
				CE075F6319E1BB0700F903F5 /* PBXTargetDependency */,
			);
			name = MatchismoTests;
			productName = MatchismoTests;
			productReference = CE075F5D19E1BB0700F903F5 /* MatchismoTests.xctest */;
			productType = "com.apple.product-type.bundle.unit-test";
		};
/* End PBXNativeTarget section */

/* Begin PBXProject section */
		CE075F3419E1BB0600F903F5 /* Project object */ = {
			isa = PBXProject;
			attributes = {
				CLASSPREFIX = Matchismo;
				LastUpgradeCheck = 0510;
				ORGANIZATIONNAME = "Lehman College";
				TargetAttributes = {
					CE075F5C19E1BB0700F903F5 = {
						TestTargetID = CE075F3B19E1BB0600F903F5;
					};
				};
			};
			buildConfigurationList = CE075F3719E1BB0600F903F5 /* Build configuration list for PBXProject "Matchismo" */;
			compatibilityVersion = "Xcode 3.2";
			developmentRegion = English;
			hasScannedForEncodings = 0;
			knownRegions = (
				en,
				Base,
			);
			mainGroup = CE075F3319E1BB0600F903F5;
			productRefGroup = CE075F3D19E1BB0600F903F5 /* Products */;
			projectDirPath = "";
			projectRoot = "";
			targets = (
				CE075F3B19E1BB0600F903F5 /* Matchismo */,
				CE075F5C19E1BB0700F903F5 /* MatchismoTests */,
			);
		};
/* End PBXProject section */

/* Begin PBXResourcesBuildPhase section */
		CE075F3A19E1BB0600F903F5 /* Resources */ = {
			isa = PBXResourcesBuildPhase;
			buildActionMask = 2147483647;
			files = (
				CE075F5819E1BB0700F903F5 /* Images.xcassets in Resources */,
				CE075F4A19E1BB0700F903F5 /* InfoPlist.strings in Resources */,
				CE075F5319E1BB0700F903F5 /* Main.storyboard in Resources */,
			);
			runOnlyForDeploymentPostprocessing = 0;
		};
		CE075F5B19E1BB0700F903F5 /* Resources */ = {
			isa = PBXResourcesBuildPhase;
			buildActionMask = 2147483647;
			files = (
				CE075F6919E1BB0700F903F5 /* InfoPlist.strings in Resources */,
			);
			runOnlyForDeploymentPostprocessing = 0;
		};
/* End PBXResourcesBuildPhase section */

/* Begin PBXSourcesBuildPhase section */
		CE075F3819E1BB0600F903F5 /* Sources */ = {
			isa = PBXSourcesBuildPhase;
			buildActionMask = 2147483647;
			files = (
				CE075F5019E1BB0700F903F5 /* MatchismoAppDelegate.m in Sources */,
				CE075F5619E1BB0700F903F5 /* MatchismoViewController.m in Sources */,
				CE075F4C19E1BB0700F903F5 /* main.m in Sources */,
				CE075F7F19E1BD5300F903F5 /* PlayingCard.m in Sources */,
				CE075F8819E1BDC600F903F5 /* CardMatchingGame.m in Sources */,
				CE075F8519E1BD9600F903F5 /* PlayingCardDeck.m in Sources */,
				CE075F8219E1BD7000F903F5 /* Deck.m in Sources */,
				CE075F7C19E1BD2900F903F5 /* Card.m in Sources */,
			);
			runOnlyForDeploymentPostprocessing = 0;
		};
		CE075F5919E1BB0700F903F5 /* Sources */ = {
			isa = PBXSourcesBuildPhase;
			buildActionMask = 2147483647;
			files = (
				CE075F6B19E1BB0700F903F5 /* MatchismoTests.m in Sources */,
			);
			runOnlyForDeploymentPostprocessing = 0;
		};
/* End PBXSourcesBuildPhase section */

/* Begin PBXTargetDependency section */
		CE075F6319E1BB0700F903F5 /* PBXTargetDependency */ = {
			isa = PBXTargetDependency;
			target = CE075F3B19E1BB0600F903F5 /* Matchismo */;
			targetProxy = CE075F6219E1BB0700F903F5 /* PBXContainerItemProxy */;
		};
/* End PBXTargetDependency section */

/* Begin PBXVariantGroup section */
		CE075F4819E1BB0700F903F5 /* InfoPlist.strings */ = {
			isa = PBXVariantGroup;
			children = (
				CE075F4919E1BB0700F903F5 /* en */,
			);
			name = InfoPlist.strings;
			sourceTree = "<group>";
		};
		CE075F5119E1BB0700F903F5 /* Main.storyboard */ = {
			isa = PBXVariantGroup;
			children = (
				CE075F5219E1BB0700F903F5 /* Base */,
			);
			name = Main.storyboard;
			sourceTree = "<group>";
		};
		CE075F6719E1BB0700F903F5 /* InfoPlist.strings */ = {
			isa = PBXVariantGroup;
			children = (
				CE075F6819E1BB0700F903F5 /* en */,
			);
			name = InfoPlist.strings;
			sourceTree = "<group>";
		};
/* End PBXVariantGroup section */

/* Begin XCBuildConfiguration section */
		CE075F6C19E1BB0700F903F5 /* Debug */ = {
			isa = XCBuildConfiguration;
			buildSettings = {
				ALWAYS_SEARCH_USER_PATHS = NO;
				CLANG_CXX_LANGUAGE_STANDARD = "gnu++0x";
				CLANG_CXX_LIBRARY = "libc++";
				CLANG_ENABLE_MODULES = YES;
				CLANG_ENABLE_OBJC_ARC = YES;
				CLANG_WARN_BOOL_CONVERSION = YES;
				CLANG_WARN_CONSTANT_CONVERSION = YES;
				CLANG_WARN_DIRECT_OBJC_ISA_USAGE = YES_ERROR;
				CLANG_WARN_EMPTY_BODY = YES;
				CLANG_WARN_ENUM_CONVERSION = YES;
				CLANG_WARN_INT_CONVERSION = YES;
				CLANG_WARN_OBJC_ROOT_CLASS = YES_ERROR;
				CLANG_WARN__DUPLICATE_METHOD_MATCH = YES;
				"CODE_SIGN_IDENTITY[sdk=iphoneos*]" = "iPhone Developer";
				COPY_PHASE_STRIP = NO;
				GCC_C_LANGUAGE_STANDARD = gnu99;
				GCC_DYNAMIC_NO_PIC = NO;
				GCC_OPTIMIZATION_LEVEL = 0;
				GCC_PREPROCESSOR_DEFINITIONS = (
					"DEBUG=1",
					"$(inherited)",
				);
				GCC_SYMBOLS_PRIVATE_EXTERN = NO;
				GCC_WARN_64_TO_32_BIT_CONVERSION = YES;
				GCC_WARN_ABOUT_RETURN_TYPE = YES_ERROR;
				GCC_WARN_UNDECLARED_SELECTOR = YES;
				GCC_WARN_UNINITIALIZED_AUTOS = YES_AGGRESSIVE;
				GCC_WARN_UNUSED_FUNCTION = YES;
				GCC_WARN_UNUSED_VARIABLE = YES;
				IPHONEOS_DEPLOYMENT_TARGET = 7.1;
				ONLY_ACTIVE_ARCH = YES;
				SDKROOT = iphoneos;
			};
			name = Debug;
		};
		CE075F6D19E1BB0700F903F5 /* Release */ = {
			isa = XCBuildConfiguration;
			buildSettings = {
				ALWAYS_SEARCH_USER_PATHS = NO;
				CLANG_CXX_LANGUAGE_STANDARD = "gnu++0x";
				CLANG_CXX_LIBRARY = "libc++";
				CLANG_ENABLE_MODULES = YES;
				CLANG_ENABLE_OBJC_ARC = YES;
				CLANG_WARN_BOOL_CONVERSION = YES;
				CLANG_WARN_CONSTANT_CONVERSION = YES;
				CLANG_WARN_DIRECT_OBJC_ISA_USAGE = YES_ERROR;
				CLANG_WARN_EMPTY_BODY = YES;
				CLANG_WARN_ENUM_CONVERSION = YES;
				CLANG_WARN_INT_CONVERSION = YES;
				CLANG_WARN_OBJC_ROOT_CLASS = YES_ERROR;
				CLANG_WARN__DUPLICATE_METHOD_MATCH = YES;
				"CODE_SIGN_IDENTITY[sdk=iphoneos*]" = "iPhone Developer";
				COPY_PHASE_STRIP = YES;
				ENABLE_NS_ASSERTIONS = NO;
				GCC_C_LANGUAGE_STANDARD = gnu99;
				GCC_WARN_64_TO_32_BIT_CONVERSION = YES;
				GCC_WARN_ABOUT_RETURN_TYPE = YES_ERROR;
				GCC_WARN_UNDECLARED_SELECTOR = YES;
				GCC_WARN_UNINITIALIZED_AUTOS = YES_AGGRESSIVE;
				GCC_WARN_UNUSED_FUNCTION = YES;
				GCC_WARN_UNUSED_VARIABLE = YES;
				IPHONEOS_DEPLOYMENT_TARGET = 7.1;
				SDKROOT = iphoneos;
				VALIDATE_PRODUCT = YES;
			};
			name = Release;
		};
		CE075F6F19E1BB0700F903F5 /* Debug */ = {
			isa = XCBuildConfiguration;
			buildSettings = {
				ASSETCATALOG_COMPILER_APPICON_NAME = AppIcon;
				ASSETCATALOG_COMPILER_LAUNCHIMAGE_NAME = LaunchImage;
				GCC_PRECOMPILE_PREFIX_HEADER = YES;
				GCC_PREFIX_HEADER = "Matchismo/Matchismo-Prefix.pch";
				INFOPLIST_FILE = "Matchismo/Matchismo-Info.plist";
				PRODUCT_NAME = "$(TARGET_NAME)";
				WRAPPER_EXTENSION = app;
			};
			name = Debug;
		};
		CE075F7019E1BB0700F903F5 /* Release */ = {
			isa = XCBuildConfiguration;
			buildSettings = {
				ASSETCATALOG_COMPILER_APPICON_NAME = AppIcon;
				ASSETCATALOG_COMPILER_LAUNCHIMAGE_NAME = LaunchImage;
				GCC_PRECOMPILE_PREFIX_HEADER = YES;
				GCC_PREFIX_HEADER = "Matchismo/Matchismo-Prefix.pch";
				INFOPLIST_FILE = "Matchismo/Matchismo-Info.plist";
				PRODUCT_NAME = "$(TARGET_NAME)";
				WRAPPER_EXTENSION = app;
			};
			name = Release;
		};
		CE075F7219E1BB0700F903F5 /* Debug */ = {
			isa = XCBuildConfiguration;
			buildSettings = {
				BUNDLE_LOADER = "$(BUILT_PRODUCTS_DIR)/Matchismo.app/Matchismo";
				FRAMEWORK_SEARCH_PATHS = (
					"$(SDKROOT)/Developer/Library/Frameworks",
					"$(inherited)",
					"$(DEVELOPER_FRAMEWORKS_DIR)",
				);
				GCC_PRECOMPILE_PREFIX_HEADER = YES;
				GCC_PREFIX_HEADER = "Matchismo/Matchismo-Prefix.pch";
				GCC_PREPROCESSOR_DEFINITIONS = (
					"DEBUG=1",
					"$(inherited)",
				);
				INFOPLIST_FILE = "MatchismoTests/MatchismoTests-Info.plist";
				PRODUCT_NAME = "$(TARGET_NAME)";
				TEST_HOST = "$(BUNDLE_LOADER)";
				WRAPPER_EXTENSION = xctest;
			};
			name = Debug;
		};
		CE075F7319E1BB0700F903F5 /* Release */ = {
			isa = XCBuildConfiguration;
			buildSettings = {
				BUNDLE_LOADER = "$(BUILT_PRODUCTS_DIR)/Matchismo.app/Matchismo";
				FRAMEWORK_SEARCH_PATHS = (
					"$(SDKROOT)/Developer/Library/Frameworks",
					"$(inherited)",
					"$(DEVELOPER_FRAMEWORKS_DIR)",
				);
				GCC_PRECOMPILE_PREFIX_HEADER = YES;
				GCC_PREFIX_HEADER = "Matchismo/Matchismo-Prefix.pch";
				INFOPLIST_FILE = "MatchismoTests/MatchismoTests-Info.plist";
				PRODUCT_NAME = "$(TARGET_NAME)";
				TEST_HOST = "$(BUNDLE_LOADER)";
				WRAPPER_EXTENSION = xctest;
			};
			name = Release;
		};
/* End XCBuildConfiguration section */

/* Begin XCConfigurationList section */
		CE075F3719E1BB0600F903F5 /* Build configuration list for PBXProject "Matchismo" */ = {
			isa = XCConfigurationList;
			buildConfigurations = (
				CE075F6C19E1BB0700F903F5 /* Debug */,
				CE075F6D19E1BB0700F903F5 /* Release */,
			);
			defaultConfigurationIsVisible = 0;
			defaultConfigurationName = Release;
		};
		CE075F6E19E1BB0700F903F5 /* Build configuration list for PBXNativeTarget "Matchismo" */ = {
			isa = XCConfigurationList;
			buildConfigurations = (
				CE075F6F19E1BB0700F903F5 /* Debug */,
				CE075F7019E1BB0700F903F5 /* Release */,
			);
			defaultConfigurationIsVisible = 0;
		};
		CE075F7119E1BB0700F903F5 /* Build configuration list for PBXNativeTarget "MatchismoTests" */ = {
			isa = XCConfigurationList;
			buildConfigurations = (
				CE075F7219E1BB0700F903F5 /* Debug */,
				CE075F7319E1BB0700F903F5 /* Release */,
			);
			defaultConfigurationIsVisible = 0;
		};
/* End XCConfigurationList section */
	};
	rootObject = CE075F3419E1BB0600F903F5 /* Project object */;
}
